{
  "name": "koa-demo",
  "version": "1.0.0",
  "lockfileVersion": 1,
  "requires": true,
  "dependencies": {
    "@koa/router": {
      "version": "10.0.0",
      "resolved": "https://registry.npmjs.org/@koa/router/-/router-10.0.0.tgz",
      "integrity": "sha512-z9ytrKWn/j/qUApMSJzZbUwkbLcN2ZXGq6UsqWkZb50Us+/Qpu0RwgZ6ytawVOhfFBZ1ai5iVWeD2Dcu0qcnJw==",
      "requires": {
        "debug": "4.3.1",
        "http-errors": "https://registry.npm.taobao.org/http-errors/download/http-errors-1.8.0.tgz?cache=0&sync_timestamp=1593407647372&other_urls=https%3A%2F%2Fregistry.npm.taobao.org%2Fhttp-errors%2Fdownload%2Fhttp-errors-1.8.0.tgz",
        "koa-compose": "https://registry.npm.taobao.org/koa-compose/download/koa-compose-4.1.0.tgz",
        "methods": "1.1.2",
        "path-to-regexp": "6.2.0"
      },
      "dependencies": {
        "debug": {
          "version": "4.3.1",
          "resolved": "https://registry.npmjs.org/debug/-/debug-4.3.1.tgz",
          "integrity": "sha512-doEwdvm4PCeK4K3RQN2ZC2BYUBaxwLARCqZmMjtF8a51J2Rb0xpVloFRnCODwqjpwnAoao4pelN8l3RJdv3gRQ==",
          "requires": {
            "ms": "2.1.2"
          }
        },
        "ms": {
          "version": "2.1.2",
          "resolved": "https://registry.npmjs.org/ms/-/ms-2.1.2.tgz",
          "integrity": "sha512-sGkPx+VjMtmA6MX27oA4FBFELFCZZ4S4XqeGOXCv68tT+jb3vk/RyaKWP0PTKyWtmLSM0b+adUTEvbs1PEaH2w=="
        }
      }
    },
    "accepts": {
      "version": "https://registry.npm.taobao.org/accepts/download/accepts-1.3.7.tgz",
      "requires": {
        "mime-types": "https://registry.npm.taobao.org/mime-types/download/mime-types-2.1.29.tgz",
        "negotiator": "https://registry.npm.taobao.org/negotiator/download/negotiator-0.6.2.tgz"
      }
    },
    "any-promise": {
      "version": "https://registry.npm.taobao.org/any-promise/download/any-promise-1.3.0.tgz"
    },
    "cache-content-type": {
      "version": "https://registry.npm.taobao.org/cache-content-type/download/cache-content-type-1.0.1.tgz",
      "requires": {
        "mime-types": "https://registry.npm.taobao.org/mime-types/download/mime-types-2.1.29.tgz",
        "ylru": "https://registry.npm.taobao.org/ylru/download/ylru-1.2.1.tgz"
      }
    },
    "content-disposition": {
      "version": "https://registry.npm.taobao.org/content-disposition/download/content-disposition-0.5.3.tgz",
      "requires": {
        "safe-buffer": "5.1.2"
      },
      "dependencies": {
        "safe-buffer": {
          "version": "5.1.2",
          "bundled": true
        }
      }
    },
    "content-type": {
      "version": "https://registry.npm.taobao.org/content-type/download/content-type-1.0.4.tgz"
    },
    "cookies": {
      "version": "https://registry.npm.taobao.org/cookies/download/cookies-0.8.0.tgz",
      "requires": {
        "depd": "2.0.0",
        "keygrip": "1.1.0"
      },
      "dependencies": {
        "depd": {
          "version": "2.0.0",
          "bundled": true
        },
        "keygrip": {
          "version": "1.1.0",
          "bundled": true,
          "requires": {
            "tsscmp": "1.0.6"
          },
          "dependencies": {
            "tsscmp": {
              "version": "1.0.6",
              "bundled": true
            }
          }
        }
      }
    },
    "debug": {
      "version": "https://registry.npm.taobao.org/debug/download/debug-3.1.0.tgz?cache=0&sync_timestamp=1607566512593&other_urls=https%3A%2F%2Fregistry.npm.taobao.org%2Fdebug%2Fdownload%2Fdebug-3.1.0.tgz",
      "requires": {
        "ms": "https://registry.npm.taobao.org/ms/download/ms-2.0.0.tgz?cache=0&sync_timestamp=1607433912031&other_urls=https%3A%2F%2Fregistry.npm.taobao.org%2Fms%2Fdownload%2Fms-2.0.0.tgz"
      },
      "dependencies": {
        "ms": {
          "version": "https://registry.npm.taobao.org/ms/download/ms-2.0.0.tgz?cache=0&sync_timestamp=1607433912031&other_urls=https%3A%2F%2Fregistry.npm.taobao.org%2Fms%2Fdownload%2Fms-2.0.0.tgz",
          "bundled": true
        }
      }
    },
    "delegates": {
      "version": "https://registry.npm.taobao.org/delegates/download/delegates-1.0.0.tgz"
    },
    "depd": {
      "version": "https://registry.npm.taobao.org/depd/download/depd-2.0.0.tgz"
    },
    "destroy": {
      "version": "https://registry.npm.taobao.org/destroy/download/destroy-1.0.4.tgz"
    },
    "encodeurl": {
      "version": "https://registry.npm.taobao.org/encodeurl/download/encodeurl-1.0.2.tgz"
    },
    "escape-html": {
      "version": "https://registry.npm.taobao.org/escape-html/download/escape-html-1.0.3.tgz"
    },
    "fresh": {
      "version": "https://registry.npm.taobao.org/fresh/download/fresh-0.5.2.tgz"
    },
    "http-assert": {
      "version": "https://registry.npm.taobao.org/http-assert/download/http-assert-1.4.1.tgz",
      "requires": {
        "deep-equal": "1.0.1",
        "http-errors": "1.7.3"
      },
      "dependencies": {
        "deep-equal": {
          "version": "1.0.1",
          "bundled": true
        },
        "http-errors": {
          "version": "1.7.3",
          "bundled": true,
          "requires": {
            "depd": "1.1.2",
            "inherits": "https://registry.npm.taobao.org/inherits/download/inherits-2.0.4.tgz",
            "setprototypeof": "1.1.1",
            "statuses": "https://registry.npm.taobao.org/statuses/download/statuses-1.5.0.tgz?cache=0&sync_timestamp=1609654060878&other_urls=https%3A%2F%2Fregistry.npm.taobao.org%2Fstatuses%2Fdownload%2Fstatuses-1.5.0.tgz",
            "toidentifier": "https://registry.npm.taobao.org/toidentifier/download/toidentifier-1.0.0.tgz"
          },
          "dependencies": {
            "depd": {
              "version": "1.1.2",
              "bundled": true
            },
            "setprototypeof": {
              "version": "1.1.1",
              "bundled": true
            }
          }
        }
      }
    },
    "http-errors": {
      "version": "https://registry.npm.taobao.org/http-errors/download/http-errors-1.8.0.tgz?cache=0&sync_timestamp=1593407647372&other_urls=https%3A%2F%2Fregistry.npm.taobao.org%2Fhttp-errors%2Fdownload%2Fhttp-errors-1.8.0.tgz",
      "requires": {
        "depd": "1.1.2",
        "inherits": "https://registry.npm.taobao.org/inherits/download/inherits-2.0.4.tgz",
        "setprototypeof": "https://registry.npm.taobao.org/setprototypeof/download/setprototypeof-1.2.0.tgz",
        "statuses": "https://registry.npm.taobao.org/statuses/download/statuses-1.5.0.tgz?cache=0&sync_timestamp=1609654060878&other_urls=https%3A%2F%2Fregistry.npm.taobao.org%2Fstatuses%2Fdownload%2Fstatuses-1.5.0.tgz",
        "toidentifier": "https://registry.npm.taobao.org/toidentifier/download/toidentifier-1.0.0.tgz"
      },
      "dependencies": {
        "depd": {
          "version": "1.1.2",
          "bundled": true
        },
        "inherits": {
          "version": "https://registry.npm.taobao.org/inherits/download/inherits-2.0.4.tgz"
        },
        "setprototypeof": {
          "version": "https://registry.npm.taobao.org/setprototypeof/download/setprototypeof-1.2.0.tgz"
        },
        "statuses": {
          "version": "https://registry.npm.taobao.org/statuses/download/statuses-1.5.0.tgz?cache=0&sync_timestamp=1609654060878&other_urls=https%3A%2F%2Fregistry.npm.taobao.org%2Fstatuses%2Fdownload%2Fstatuses-1.5.0.tgz"
        },
        "toidentifier": {
          "version": "https://registry.npm.taobao.org/toidentifier/download/toidentifier-1.0.0.tgz"
        }
      }
    },
    "inherits": {
      "version": "https://registry.npm.taobao.org/inherits/download/inherits-2.0.4.tgz"
    },
    "is-generator-function": {
      "version": "https://registry.npm.taobao.org/is-generator-function/download/is-generator-function-1.0.8.tgz"
    },
    "koa": {
      "version": "2.13.1",
      "resolved": "https://registry.npmjs.org/koa/-/koa-2.13.1.tgz",
      "integrity": "sha512-Lb2Dloc72auj5vK4X4qqL7B5jyDPQaZucc9sR/71byg7ryoD1NCaCm63CShk9ID9quQvDEi1bGR/iGjCG7As3w==",
      "requires": {
        "accepts": "https://registry.npm.taobao.org/accepts/download/accepts-1.3.7.tgz",
        "cache-content-type": "https://registry.npm.taobao.org/cache-content-type/download/cache-content-type-1.0.1.tgz",
        "content-disposition": "https://registry.npm.taobao.org/content-disposition/download/content-disposition-0.5.3.tgz",
        "content-type": "https://registry.npm.taobao.org/content-type/download/content-type-1.0.4.tgz",
        "cookies": "https://registry.npm.taobao.org/cookies/download/cookies-0.8.0.tgz",
        "debug": "https://registry.npm.taobao.org/debug/download/debug-3.1.0.tgz?cache=0&sync_timestamp=1607566512593&other_urls=https%3A%2F%2Fregistry.npm.taobao.org%2Fdebug%2Fdownload%2Fdebug-3.1.0.tgz",
        "delegates": "https://registry.npm.taobao.org/delegates/download/delegates-1.0.0.tgz",
        "depd": "https://registry.npm.taobao.org/depd/download/depd-2.0.0.tgz",
        "destroy": "https://registry.npm.taobao.org/destroy/download/destroy-1.0.4.tgz",
        "encodeurl": "https://registry.npm.taobao.org/encodeurl/download/encodeurl-1.0.2.tgz",
        "escape-html": "https://registry.npm.taobao.org/escape-html/download/escape-html-1.0.3.tgz",
        "fresh": "https://registry.npm.taobao.org/fresh/download/fresh-0.5.2.tgz",
        "http-assert": "https://registry.npm.taobao.org/http-assert/download/http-assert-1.4.1.tgz",
        "http-errors": "https://registry.npm.taobao.org/http-errors/download/http-errors-1.8.0.tgz?cache=0&sync_timestamp=1593407647372&other_urls=https%3A%2F%2Fregistry.npm.taobao.org%2Fhttp-errors%2Fdownload%2Fhttp-errors-1.8.0.tgz",
        "is-generator-function": "https://registry.npm.taobao.org/is-generator-function/download/is-generator-function-1.0.8.tgz",
        "koa-compose": "https://registry.npm.taobao.org/koa-compose/download/koa-compose-4.1.0.tgz",
        "koa-convert": "https://registry.npm.taobao.org/koa-convert/download/koa-convert-1.2.0.tgz",
        "on-finished": "https://registry.npm.taobao.org/on-finished/download/on-finished-2.3.0.tgz",
        "only": "https://registry.npm.taobao.org/only/download/only-0.0.2.tgz",
        "parseurl": "https://registry.npm.taobao.org/parseurl/download/parseurl-1.3.3.tgz",
        "statuses": "https://registry.npm.taobao.org/statuses/download/statuses-1.5.0.tgz?cache=0&sync_timestamp=1609654060878&other_urls=https%3A%2F%2Fregistry.npm.taobao.org%2Fstatuses%2Fdownload%2Fstatuses-1.5.0.tgz",
        "type-is": "https://registry.npm.taobao.org/type-is/download/type-is-1.6.18.tgz",
        "vary": "https://registry.npm.taobao.org/vary/download/vary-1.1.2.tgz"
      }
    },
    "koa-compose": {
      "version": "https://registry.npm.taobao.org/koa-compose/download/koa-compose-4.1.0.tgz"
    },
    "koa-convert": {
      "version": "https://registry.npm.taobao.org/koa-convert/download/koa-convert-1.2.0.tgz",
      "requires": {
        "co": "https://registry.npm.taobao.org/co/download/co-4.6.0.tgz",
        "koa-compose": "3.2.1"
      },
      "dependencies": {
        "co": {
          "version": "https://registry.npm.taobao.org/co/download/co-4.6.0.tgz",
          "bundled": true
        },
        "koa-compose": {
          "version": "3.2.1",
          "bundled": true,
          "requires": {
            "any-promise": "1.3.0"
          }
        }
      }
    },
    "methods": {
      "version": "1.1.2",
      "resolved": "https://registry.npmjs.org/methods/-/methods-1.1.2.tgz",
      "integrity": "sha1-VSmk1nZUE07cxSZmVoNbD4Ua/O4="
    },
    "mime-db": {
      "version": "https://registry.npm.taobao.org/mime-db/download/mime-db-1.46.0.tgz"
    },
    "mime-types": {
      "version": "https://registry.npm.taobao.org/mime-types/download/mime-types-2.1.29.tgz",
      "requires": {
        "mime-db": "1.46.0"
      },
      "dependencies": {
        "mime-db": {
          "version": "1.46.0",
          "bundled": true
        }
      }
    },
    "negotiator": {
      "version": "https://registry.npm.taobao.org/negotiator/download/negotiator-0.6.2.tgz"
    },
    "on-finished": {
      "version": "https://registry.npm.taobao.org/on-finished/download/on-finished-2.3.0.tgz",
      "requires": {
        "ee-first": "1.1.1"
      },
      "dependencies": {
        "ee-first": {
          "version": "1.1.1",
          "bundled": true
        }
      }
    },
    "only": {
      "version": "https://registry.npm.taobao.org/only/download/only-0.0.2.tgz"
    },
    "parseurl": {
      "version": "https://registry.npm.taobao.org/parseurl/download/parseurl-1.3.3.tgz"
    },
    "path-to-regexp": {
      "version": "6.2.0",
      "resolved": "https://registry.npmjs.org/path-to-regexp/-/path-to-regexp-6.2.0.tgz",
      "integrity": "sha512-f66KywYG6+43afgE/8j/GoiNyygk/bnoCbps++3ErRKsIYkGGupyv07R2Ok5m9i67Iqc+T2g1eAUGUPzWhYTyg=="
    },
    "statuses": {
      "version": "https://registry.npm.taobao.org/statuses/download/statuses-1.5.0.tgz?cache=0&sync_timestamp=1609654060878&other_urls=https%3A%2F%2Fregistry.npm.taobao.org%2Fstatuses%2Fdownload%2Fstatuses-1.5.0.tgz"
    },
    "toidentifier": {
      "version": "https://registry.npm.taobao.org/toidentifier/download/toidentifier-1.0.0.tgz"
    },
    "type-is": {
      "version": "https://registry.npm.taobao.org/type-is/download/type-is-1.6.18.tgz",
      "requires": {
        "media-typer": "0.3.0",
        "mime-types": "2.1.29"
      },
      "dependencies": {
        "media-typer": {
          "version": "0.3.0",
          "bundled": true
        },
        "mime-types": {
          "version": "2.1.29",
          "bundled": true,
          "requires": {
            "mime-db": "https://registry.npm.taobao.org/mime-db/download/mime-db-1.46.0.tgz"
          }
        }
      }
    },
    "vary": {
      "version": "https://registry.npm.taobao.org/vary/download/vary-1.1.2.tgz"
    },
    "ylru": {
      "version": "https://registry.npm.taobao.org/ylru/download/ylru-1.2.1.tgz"
    }
  }
}
